// !$*UTF8*$!
{
	archiveVersion = 1;
	classes = {
	};
	objectVersion = 55;
	objects = {

/* Begin PBXBuildFile section */
		9D453C33275D39B8006954B7 /* AppDelegate.swift in Sources */ = {isa = PBXBuildFile; fileRef = 9D453C32275D39B8006954B7 /* AppDelegate.swift */; };
		9D453C35275D39B8006954B7 /* SceneDelegate.swift in Sources */ = {isa = PBXBuildFile; fileRef = 9D453C34275D39B8006954B7 /* SceneDelegate.swift */; };
		9D453C3D275D39B9006954B7 /* Todo.xcdatamodeld in Sources */ = {isa = PBXBuildFile; fileRef = 9D453C3B275D39B9006954B7 /* Todo.xcdatamodeld */; };
		9D453C3F275D39BB006954B7 /* Assets.xcassets in Resources */ = {isa = PBXBuildFile; fileRef = 9D453C3E275D39BB006954B7 /* Assets.xcassets */; };
		9D453C42275D39BB006954B7 /* LaunchScreen.storyboard in Resources */ = {isa = PBXBuildFile; fileRef = 9D453C40275D39BB006954B7 /* LaunchScreen.storyboard */; };
		9D453C4D275D39BB006954B7 /* ToDo_SwiftUITests.swift in Sources */ = {isa = PBXBuildFile; fileRef = 9D453C4C275D39BB006954B7 /* ToDo_SwiftUITests.swift */; };
		9D453C57275D39BB006954B7 /* ToDo_SwiftUIUITests.swift in Sources */ = {isa = PBXBuildFile; fileRef = 9D453C56275D39BB006954B7 /* ToDo_SwiftUIUITests.swift */; };
		9D453C59275D39BB006954B7 /* ToDo_SwiftUIUITestsLaunchTests.swift in Sources */ = {isa = PBXBuildFile; fileRef = 9D453C58275D39BB006954B7 /* ToDo_SwiftUIUITestsLaunchTests.swift */; };
		9D453C67275D3AD6006954B7 /* TodoOperations.swift in Sources */ = {isa = PBXBuildFile; fileRef = 9D453C66275D3AD6006954B7 /* TodoOperations.swift */; };
		9D453C69275D3B01006954B7 /* PersistenceManager.swift in Sources */ = {isa = PBXBuildFile; fileRef = 9D453C68275D3B01006954B7 /* PersistenceManager.swift */; };
		9D453C6C275D3B34006954B7 /* ToDoListView.swift in Sources */ = {isa = PBXBuildFile; fileRef = 9D453C6B275D3B34006954B7 /* ToDoListView.swift */; };
		9D453C6E275D3B4D006954B7 /* TodoCell.swift in Sources */ = {isa = PBXBuildFile; fileRef = 9D453C6D275D3B4D006954B7 /* TodoCell.swift */; };
/* End PBXBuildFile section */

/* Begin PBXContainerItemProxy section */
		9D453C49275D39BB006954B7 /* PBXContainerItemProxy */ = {
			isa = PBXContainerItemProxy;
			containerPortal = 9D453C27275D39B8006954B7 /* Project object */;
			proxyType = 1;
			remoteGlobalIDString = 9D453C2E275D39B8006954B7;
			remoteInfo = ToDo_SwiftUI;
		};
		9D453C53275D39BB006954B7 /* PBXContainerItemProxy */ = {
			isa = PBXContainerItemProxy;
			containerPortal = 9D453C27275D39B8006954B7 /* Project object */;
			proxyType = 1;
			remoteGlobalIDString = 9D453C2E275D39B8006954B7;
			remoteInfo = ToDo_SwiftUI;
		};
/* End PBXContainerItemProxy section */

/* Begin PBXFileReference section */
		9D453C2F275D39B8006954B7 /* ToDo_SwiftUI.app */ = {isa = PBXFileReference; explicitFileType = wrapper.application; includeInIndex = 0; path = ToDo_SwiftUI.app; sourceTree = BUILT_PRODUCTS_DIR; };
		9D453C32275D39B8006954B7 /* AppDelegate.swift */ = {isa = PBXFileReference; lastKnownFileType = sourcecode.swift; path = AppDelegate.swift; sourceTree = "<group>"; };
		9D453C34275D39B8006954B7 /* SceneDelegate.swift */ = {isa = PBXFileReference; lastKnownFileType = sourcecode.swift; path = SceneDelegate.swift; sourceTree = "<group>"; };
		9D453C3C275D39B9006954B7 /* ToDo_SwiftUI.xcdatamodel */ = {isa = PBXFileReference; lastKnownFileType = wrapper.xcdatamodel; path = ToDo_SwiftUI.xcdatamodel; sourceTree = "<group>"; };
		9D453C3E275D39BB006954B7 /* Assets.xcassets */ = {isa = PBXFileReference; lastKnownFileType = folder.assetcatalog; path = Assets.xcassets; sourceTree = "<group>"; };
		9D453C41275D39BB006954B7 /* Base */ = {isa = PBXFileReference; lastKnownFileType = file.storyboard; name = Base; path = Base.lproj/LaunchScreen.storyboard; sourceTree = "<group>"; };
		9D453C43275D39BB006954B7 /* Info.plist */ = {isa = PBXFileReference; lastKnownFileType = text.plist.xml; path = Info.plist; sourceTree = "<group>"; };
		9D453C48275D39BB006954B7 /* ToDo_SwiftUITests.xctest */ = {isa = PBXFileReference; explicitFileType = wrapper.cfbundle; includeInIndex = 0; path = ToDo_SwiftUITests.xctest; sourceTree = BUILT_PRODUCTS_DIR; };
		9D453C4C275D39BB006954B7 /* ToDo_SwiftUITests.swift */ = {isa = PBXFileReference; lastKnownFileType = sourcecode.swift; path = ToDo_SwiftUITests.swift; sourceTree = "<group>"; };
		9D453C52275D39BB006954B7 /* ToDo_SwiftUIUITests.xctest */ = {isa = PBXFileReference; explicitFileType = wrapper.cfbundle; includeInIndex = 0; path = ToDo_SwiftUIUITests.xctest; sourceTree = BUILT_PRODUCTS_DIR; };
		9D453C56275D39BB006954B7 /* ToDo_SwiftUIUITests.swift */ = {isa = PBXFileReference; lastKnownFileType = sourcecode.swift; path = ToDo_SwiftUIUITests.swift; sourceTree = "<group>"; };
		9D453C58275D39BB006954B7 /* ToDo_SwiftUIUITestsLaunchTests.swift */ = {isa = PBXFileReference; lastKnownFileType = sourcecode.swift; path = ToDo_SwiftUIUITestsLaunchTests.swift; sourceTree = "<group>"; };
		9D453C66275D3AD6006954B7 /* TodoOperations.swift */ = {isa = PBXFileReference; lastKnownFileType = sourcecode.swift; path = TodoOperations.swift; sourceTree = "<group>"; };
		9D453C68275D3B01006954B7 /* PersistenceManager.swift */ = {isa = PBXFileReference; lastKnownFileType = sourcecode.swift; path = PersistenceManager.swift; sourceTree = "<group>"; };
		9D453C6B275D3B34006954B7 /* ToDoListView.swift */ = {isa = PBXFileReference; lastKnownFileType = sourcecode.swift; path = ToDoListView.swift; sourceTree = "<group>"; };
		9D453C6D275D3B4D006954B7 /* TodoCell.swift */ = {isa = PBXFileReference; lastKnownFileType = sourcecode.swift; path = TodoCell.swift; sourceTree = "<group>"; };
/* End PBXFileReference section */

/* Begin PBXFrameworksBuildPhase section */
		9D453C2C275D39B8006954B7 /* Frameworks */ = {
			isa = PBXFrameworksBuildPhase;
			buildActionMask = 2147483647;
			files = (
			);
			runOnlyForDeploymentPostprocessing = 0;
		};
		9D453C45275D39BB006954B7 /* Frameworks */ = {
			isa = PBXFrameworksBuildPhase;
			buildActionMask = 2147483647;
			files = (
			);
			runOnlyForDeploymentPostprocessing = 0;
		};
		9D453C4F275D39BB006954B7 /* Frameworks */ = {
			isa = PBXFrameworksBuildPhase;
			buildActionMask = 2147483647;
			files = (
			);
			runOnlyForDeploymentPostprocessing = 0;
		};
/* End PBXFrameworksBuildPhase section */

/* Begin PBXGroup section */
		9D453C26275D39B8006954B7 = {
			isa = PBXGroup;
			children = (
				9D453C31275D39B8006954B7 /* ToDo_SwiftUI */,
				9D453C4B275D39BB006954B7 /* ToDo_SwiftUITests */,
				9D453C55275D39BB006954B7 /* ToDo_SwiftUIUITests */,
				9D453C30275D39B8006954B7 /* Products */,
			);
			sourceTree = "<group>";
		};
		9D453C30275D39B8006954B7 /* Products */ = {
			isa = PBXGroup;
			children = (
				9D453C2F275D39B8006954B7 /* ToDo_SwiftUI.app */,
				9D453C48275D39BB006954B7 /* ToDo_SwiftUITests.xctest */,
				9D453C52275D39BB006954B7 /* ToDo_SwiftUIUITests.xctest */,
			);
			name = Products;
			sourceTree = "<group>";
		};
		9D453C31275D39B8006954B7 /* ToDo_SwiftUI */ = {
			isa = PBXGroup;
			children = (
				9D453C6A275D3B26006954B7 /* Views */,
				9D453C65275D3AC0006954B7 /* Persistence */,
				9D453C32275D39B8006954B7 /* AppDelegate.swift */,
				9D453C34275D39B8006954B7 /* SceneDelegate.swift */,
				9D453C3E275D39BB006954B7 /* Assets.xcassets */,
				9D453C40275D39BB006954B7 /* LaunchScreen.storyboard */,
				9D453C43275D39BB006954B7 /* Info.plist */,
				9D453C3B275D39B9006954B7 /* Todo.xcdatamodeld */,
			);
			path = ToDo_SwiftUI;
			sourceTree = "<group>";
		};
		9D453C4B275D39BB006954B7 /* ToDo_SwiftUITests */ = {
			isa = PBXGroup;
			children = (
				9D453C4C275D39BB006954B7 /* ToDo_SwiftUITests.swift */,
			);
			path = ToDo_SwiftUITests;
			sourceTree = "<group>";
		};
		9D453C55275D39BB006954B7 /* ToDo_SwiftUIUITests */ = {
			isa = PBXGroup;
			children = (
				9D453C56275D39BB006954B7 /* ToDo_SwiftUIUITests.swift */,
				9D453C58275D39BB006954B7 /* ToDo_SwiftUIUITestsLaunchTests.swift */,
			);
			path = ToDo_SwiftUIUITests;
			sourceTree = "<group>";
		};
		9D453C65275D3AC0006954B7 /* Persistence */ = {
			isa = PBXGroup;
			children = (
				9D453C66275D3AD6006954B7 /* TodoOperations.swift */,
				9D453C68275D3B01006954B7 /* PersistenceManager.swift */,
			);
			path = Persistence;
			sourceTree = "<group>";
		};
		9D453C6A275D3B26006954B7 /* Views */ = {
			isa = PBXGroup;
			children = (
				9D453C6B275D3B34006954B7 /* ToDoListView.swift */,
				9D453C6D275D3B4D006954B7 /* TodoCell.swift */,
			);
			path = Views;
			sourceTree = "<group>";
		};
/* End PBXGroup section */

/* Begin PBXNativeTarget section */
		9D453C2E275D39B8006954B7 /* ToDo_SwiftUI */ = {
			isa = PBXNativeTarget;
			buildConfigurationList = 9D453C5C275D39BB006954B7 /* Build configuration list for PBXNativeTarget "ToDo_SwiftUI" */;
			buildPhases = (
				9D453C2B275D39B8006954B7 /* Sources */,
				9D453C2C275D39B8006954B7 /* Frameworks */,
				9D453C2D275D39B8006954B7 /* Resources */,
			);
			buildRules = (
			);
			dependencies = (
			);
			name = ToDo_SwiftUI;
			productName = ToDo_SwiftUI;
			productReference = 9D453C2F275D39B8006954B7 /* ToDo_SwiftUI.app */;
			productType = "com.apple.product-type.application";
		};
		9D453C47275D39BB006954B7 /* ToDo_SwiftUITests */ = {
			isa = PBXNativeTarget;
			buildConfigurationList = 9D453C5F275D39BB006954B7 /* Build configuration list for PBXNativeTarget "ToDo_SwiftUITests" */;
			buildPhases = (
				9D453C44275D39BB006954B7 /* Sources */,
				9D453C45275D39BB006954B7 /* Frameworks */,
				9D453C46275D39BB006954B7 /* Resources */,
			);
			buildRules = (
			);
			dependencies = (
				9D453C4A275D39BB006954B7 /* PBXTargetDependency */,
			);
			name = ToDo_SwiftUITests;
			productName = ToDo_SwiftUITests;
			productReference = 9D453C48275D39BB006954B7 /* ToDo_SwiftUITests.xctest */;
			productType = "com.apple.product-type.bundle.unit-test";
		};
		9D453C51275D39BB006954B7 /* ToDo_SwiftUIUITests */ = {
			isa = PBXNativeTarget;
			buildConfigurationList = 9D453C62275D39BB006954B7 /* Build configuration list for PBXNativeTarget "ToDo_SwiftUIUITests" */;
			buildPhases = (
				9D453C4E275D39BB006954B7 /* Sources */,
				9D453C4F275D39BB006954B7 /* Frameworks */,
				9D453C50275D39BB006954B7 /* Resources */,
			);
			buildRules = (
			);
			dependencies = (
				9D453C54275D39BB006954B7 /* PBXTargetDependency */,
			);
			name = ToDo_SwiftUIUITests;
			productName = ToDo_SwiftUIUITests;
			productReference = 9D453C52275D39BB006954B7 /* ToDo_SwiftUIUITests.xctest */;
			productType = "com.apple.product-type.bundle.ui-testing";
		};
/* End PBXNativeTarget section */

/* Begin PBXProject section */
		9D453C27275D39B8006954B7 /* Project object */ = {
			isa = PBXProject;
			attributes = {
				BuildIndependentTargetsInParallel = 1;
				LastSwiftUpdateCheck = 1310;
				LastUpgradeCheck = 1310;
				TargetAttributes = {
					9D453C2E275D39B8006954B7 = {
						CreatedOnToolsVersion = 13.1;
					};
					9D453C47275D39BB006954B7 = {
						CreatedOnToolsVersion = 13.1;
						TestTargetID = 9D453C2E275D39B8006954B7;
					};
					9D453C51275D39BB006954B7 = {
						CreatedOnToolsVersion = 13.1;
						TestTargetID = 9D453C2E275D39B8006954B7;
					};
				};
			};
			buildConfigurationList = 9D453C2A275D39B8006954B7 /* Build configuration list for PBXProject "ToDo_SwiftUI" */;
			compatibilityVersion = "Xcode 13.0";
			developmentRegion = en;
			hasScannedForEncodings = 0;
			knownRegions = (
				en,
				Base,
			);
			mainGroup = 9D453C26275D39B8006954B7;
			productRefGroup = 9D453C30275D39B8006954B7 /* Products */;
			projectDirPath = "";
			projectRoot = "";
			targets = (
				9D453C2E275D39B8006954B7 /* ToDo_SwiftUI */,
				9D453C47275D39BB006954B7 /* ToDo_SwiftUITests */,
				9D453C51275D39BB006954B7 /* ToDo_SwiftUIUITests */,
			);
		};
/* End PBXProject section */

/* Begin PBXResourcesBuildPhase section */
		9D453C2D275D39B8006954B7 /* Resources */ = {
			isa = PBXResourcesBuildPhase;
			buildActionMask = 2147483647;
			files = (
				9D453C42275D39BB006954B7 /* LaunchScreen.storyboard in Resources */,
				9D453C3F275D39BB006954B7 /* Assets.xcassets in Resources */,
			);
			runOnlyForDeploymentPostprocessing = 0;
		};
		9D453C46275D39BB006954B7 /* Resources */ = {
			isa = PBXResourcesBuildPhase;
			buildActionMask = 2147483647;
			files = (
			);
			runOnlyForDeploymentPostprocessing = 0;
		};
		9D453C50275D39BB006954B7 /* Resources */ = {
			isa = PBXResourcesBuildPhase;
			buildActionMask = 2147483647;
			files = (
			);
			runOnlyForDeploymentPostprocessing = 0;
		};
/* End PBXResourcesBuildPhase section */

/* Begin PBXSourcesBuildPhase section */
		9D453C2B275D39B8006954B7 /* Sources */ = {
			isa = PBXSourcesBuildPhase;
			buildActionMask = 2147483647;
			files = (
				9D453C6C275D3B34006954B7 /* ToDoListView.swift in Sources */,
				9D453C3D275D39B9006954B7 /* Todo.xcdatamodeld in Sources */,
				9D453C6E275D3B4D006954B7 /* TodoCell.swift in Sources */,
				9D453C69275D3B01006954B7 /* PersistenceManager.swift in Sources */,
				9D453C67275D3AD6006954B7 /* TodoOperations.swift in Sources */,
				9D453C33275D39B8006954B7 /* AppDelegate.swift in Sources */,
				9D453C35275D39B8006954B7 /* SceneDelegate.swift in Sources */,
			);
			runOnlyForDeploymentPostprocessing = 0;
		};
		9D453C44275D39BB006954B7 /* Sources */ = {
			isa = PBXSourcesBuildPhase;
			buildActionMask = 2147483647;
			files = (
				9D453C4D275D39BB006954B7 /* ToDo_SwiftUITests.swift in Sources */,
			);
			runOnlyForDeploymentPostprocessing = 0;
		};
		9D453C4E275D39BB006954B7 /* Sources */ = {
			isa = PBXSourcesBuildPhase;
			buildActionMask = 2147483647;
			files = (
				9D453C59275D39BB006954B7 /* ToDo_SwiftUIUITestsLaunchTests.swift in Sources */,
				9D453C57275D39BB006954B7 /* ToDo_SwiftUIUITests.swift in Sources */,
			);
			runOnlyForDeploymentPostprocessing = 0;
		};
/* End PBXSourcesBuildPhase section */

/* Begin PBXTargetDependency section */
		9D453C4A275D39BB006954B7 /* PBXTargetDependency */ = {
			isa = PBXTargetDependency;
			target = 9D453C2E275D39B8006954B7 /* ToDo_SwiftUI */;
			targetProxy = 9D453C49275D39BB006954B7 /* PBXContainerItemProxy */;
		};
		9D453C54275D39BB006954B7 /* PBXTargetDependency */ = {
			isa = PBXTargetDependency;
			target = 9D453C2E275D39B8006954B7 /* ToDo_SwiftUI */;
			targetProxy = 9D453C53275D39BB006954B7 /* PBXContainerItemProxy */;
		};
/* End PBXTargetDependency section */

/* Begin PBXVariantGroup section */
		9D453C40275D39BB006954B7 /* LaunchScreen.storyboard */ = {
			isa = PBXVariantGroup;
			children = (
				9D453C41275D39BB006954B7 /* Base */,
			);
			name = LaunchScreen.storyboard;
			sourceTree = "<group>";
		};
/* End PBXVariantGroup section */

/* Begin XCBuildConfiguration section */
		9D453C5A275D39BB006954B7 /* Debug */ = {
			isa = XCBuildConfiguration;
			buildSettings = {
				ALWAYS_SEARCH_USER_PATHS = NO;
				CLANG_ANALYZER_NONNULL = YES;
				CLANG_ANALYZER_NUMBER_OBJECT_CONVERSION = YES_AGGRESSIVE;
				CLANG_CXX_LANGUAGE_STANDARD = "gnu++17";
				CLANG_CXX_LIBRARY = "libc++";
				CLANG_ENABLE_MODULES = YES;
				CLANG_ENABLE_OBJC_ARC = YES;
				CLANG_ENABLE_OBJC_WEAK = YES;
				CLANG_WARN_BLOCK_CAPTURE_AUTORELEASING = YES;
				CLANG_WARN_BOOL_CONVERSION = YES;
				CLANG_WARN_COMMA = YES;
				CLANG_WARN_CONSTANT_CONVERSION = YES;
				CLANG_WARN_DEPRECATED_OBJC_IMPLEMENTATIONS = YES;
				CLANG_WARN_DIRECT_OBJC_ISA_USAGE = YES_ERROR;
				CLANG_WARN_DOCUMENTATION_COMMENTS = YES;
				CLANG_WARN_EMPTY_BODY = YES;
				CLANG_WARN_ENUM_CONVERSION = YES;
				CLANG_WARN_INFINITE_RECURSION = YES;
				CLANG_WARN_INT_CONVERSION = YES;
				CLANG_WARN_NON_LITERAL_NULL_CONVERSION = YES;
				CLANG_WARN_OBJC_IMPLICIT_RETAIN_SELF = YES;
				CLANG_WARN_OBJC_LITERAL_CONVERSION = YES;
				CLANG_WARN_OBJC_ROOT_CLASS = YES_ERROR;
				CLANG_WARN_QUOTED_INCLUDE_IN_FRAMEWORK_HEADER = YES;
				CLANG_WARN_RANGE_LOOP_ANALYSIS = YES;
				CLANG_WARN_STRICT_PROTOTYPES = YES;
				CLANG_WARN_SUSPICIOUS_MOVE = YES;
				CLANG_WARN_UNGUARDED_AVAILABILITY = YES_AGGRESSIVE;
				CLANG_WARN_UNREACHABLE_CODE = YES;
				CLANG_WARN__DUPLICATE_METHOD_MATCH = YES;
				COPY_PHASE_STRIP = NO;
				DEBUG_INFORMATION_FORMAT = dwarf;
				ENABLE_STRICT_OBJC_MSGSEND = YES;
				ENABLE_TESTABILITY = YES;
				GCC_C_LANGUAGE_STANDARD = gnu11;
				GCC_DYNAMIC_NO_PIC = NO;
				GCC_NO_COMMON_BLOCKS = YES;
				GCC_OPTIMIZATION_LEVEL = 0;
				GCC_PREPROCESSOR_DEFINITIONS = (
					"DEBUG=1",
					"$(inherited)",
				);
				GCC_WARN_64_TO_32_BIT_CONVERSION = YES;
				GCC_WARN_ABOUT_RETURN_TYPE = YES_ERROR;
				GCC_WARN_UNDECLARED_SELECTOR = YES;
				GCC_WARN_UNINITIALIZED_AUTOS = YES_AGGRESSIVE;
				GCC_WARN_UNUSED_FUNCTION = YES;
				GCC_WARN_UNUSED_VARIABLE = YES;
				IPHONEOS_DEPLOYMENT_TARGET = 15.0;
				MTL_ENABLE_DEBUG_INFO = INCLUDE_SOURCE;
				MTL_FAST_MATH = YES;
				ONLY_ACTIVE_ARCH = YES;
				SDKROOT = iphoneos;
				SWIFT_ACTIVE_COMPILATION_CONDITIONS = DEBUG;
				SWIFT_OPTIMIZATION_LEVEL = "-Onone";
			};
			name = Debug;
		};
		9D453C5B275D39BB006954B7 /* Release */ = {
			isa = XCBuildConfiguration;
			buildSettings = {
				ALWAYS_SEARCH_USER_PATHS = NO;
				CLANG_ANALYZER_NONNULL = YES;
				CLANG_ANALYZER_NUMBER_OBJECT_CONVERSION = YES_AGGRESSIVE;
				CLANG_CXX_LANGUAGE_STANDARD = "gnu++17";
				CLANG_CXX_LIBRARY = "libc++";
				CLANG_ENABLE_MODULES = YES;
				CLANG_ENABLE_OBJC_ARC = YES;
				CLANG_ENABLE_OBJC_WEAK = YES;
				CLANG_WARN_BLOCK_CAPTURE_AUTORELEASING = YES;
				CLANG_WARN_BOOL_CONVERSION = YES;
				CLANG_WARN_COMMA = YES;
				CLANG_WARN_CONSTANT_CONVERSION = YES;
				CLANG_WARN_DEPRECATED_OBJC_IMPLEMENTATIONS = YES;
				CLANG_WARN_DIRECT_OBJC_ISA_USAGE = YES_ERROR;
				CLANG_WARN_DOCUMENTATION_COMMENTS = YES;
				CLANG_WARN_EMPTY_BODY = YES;
				CLANG_WARN_ENUM_CONVERSION = YES;
				CLANG_WARN_INFINITE_RECURSION = YES;
				CLANG_WARN_INT_CONVERSION = YES;
				CLANG_WARN_NON_LITERAL_NULL_CONVERSION = YES;
				CLANG_WARN_OBJC_IMPLICIT_RETAIN_SELF = YES;
				CLANG_WARN_OBJC_LITERAL_CONVERSION = YES;
				CLANG_WARN_OBJC_ROOT_CLASS = YES_ERROR;
				CLANG_WARN_QUOTED_INCLUDE_IN_FRAMEWORK_HEADER = YES;
				CLANG_WARN_RANGE_LOOP_ANALYSIS = YES;
				CLANG_WARN_STRICT_PROTOTYPES = YES;
				CLANG_WARN_SUSPICIOUS_MOVE = YES;
				CLANG_WARN_UNGUARDED_AVAILABILITY = YES_AGGRESSIVE;
				CLANG_WARN_UNREACHABLE_CODE = YES;
				CLANG_WARN__DUPLICATE_METHOD_MATCH = YES;
				COPY_PHASE_STRIP = NO;
				DEBUG_INFORMATION_FORMAT = "dwarf-with-dsym";
				ENABLE_NS_ASSERTIONS = NO;
				ENABLE_STRICT_OBJC_MSGSEND = YES;
				GCC_C_LANGUAGE_STANDARD = gnu11;
				GCC_NO_COMMON_BLOCKS = YES;
				GCC_WARN_64_TO_32_BIT_CONVERSION = YES;
				GCC_WARN_ABOUT_RETURN_TYPE = YES_ERROR;
				GCC_WARN_UNDECLARED_SELECTOR = YES;
				GCC_WARN_UNINITIALIZED_AUTOS = YES_AGGRESSIVE;
				GCC_WARN_UNUSED_FUNCTION = YES;
				GCC_WARN_UNUSED_VARIABLE = YES;
				IPHONEOS_DEPLOYMENT_TARGET = 15.0;
				MTL_ENABLE_DEBUG_INFO = NO;
				MTL_FAST_MATH = YES;
				SDKROOT = iphoneos;
				SWIFT_COMPILATION_MODE = wholemodule;
				SWIFT_OPTIMIZATION_LEVEL = "-O";
				VALIDATE_PRODUCT = YES;
			};
			name = Release;
		};
		9D453C5D275D39BB006954B7 /* Debug */ = {
			isa = XCBuildConfiguration;
			buildSettings = {
				ASSETCATALOG_COMPILER_APPICON_NAME = AppIcon;
				ASSETCATALOG_COMPILER_GLOBAL_ACCENT_COLOR_NAME = AccentColor;
				CODE_SIGN_STYLE = Automatic;
				CURRENT_PROJECT_VERSION = 1;
				DEVELOPMENT_TEAM = XKV928L8PN;
				GENERATE_INFOPLIST_FILE = YES;
				INFOPLIST_FILE = ToDo_SwiftUI/Info.plist;
				INFOPLIST_KEY_UIApplicationSupportsIndirectInputEvents = YES;
				INFOPLIST_KEY_UILaunchStoryboardName = LaunchScreen;
				INFOPLIST_KEY_UISupportedInterfaceOrientations_iPad = "UIInterfaceOrientationPortrait UIInterfaceOrientationPortraitUpsideDown UIInterfaceOrientationLandscapeLeft UIInterfaceOrientationLandscapeRight";
				INFOPLIST_KEY_UISupportedInterfaceOrientations_iPhone = "UIInterfaceOrientationPortrait UIInterfaceOrientationLandscapeLeft UIInterfaceOrientationLandscapeRight";
				LD_RUNPATH_SEARCH_PATHS = (
					"$(inherited)",
					"@executable_path/Frameworks",
				);
				MARKETING_VERSION = 1.0;
				PRODUCT_BUNDLE_IDENTIFIER = "com.umutserifler.ToDo-SwiftUI";
				PRODUCT_NAME = "$(TARGET_NAME)";
				SWIFT_EMIT_LOC_STRINGS = YES;
				SWIFT_VERSION = 5.0;
				TARGETED_DEVICE_FAMILY = "1,2";
			};
			name = Debug;
		};
		9D453C5E275D39BB006954B7 /* Release */ = {
			isa = XCBuildConfiguration;
			buildSettings = {
				ASSETCATALOG_COMPILER_APPICON_NAME = AppIcon;
				ASSETCATALOG_COMPILER_GLOBAL_ACCENT_COLOR_NAME = AccentColor;
				CODE_SIGN_STYLE = Automatic;
				CURRENT_PROJECT_VERSION = 1;
				DEVELOPMENT_TEAM = XKV928L8PN;
				GENERATE_INFOPLIST_FILE = YES;
				INFOPLIST_FILE = ToDo_SwiftUI/Info.plist;
				INFOPLIST_KEY_UIApplicationSupportsIndirectInputEvents = YES;
				INFOPLIST_KEY_UILaunchStoryboardName = LaunchScreen;
				INFOPLIST_KEY_UISupportedInterfaceOrientations_iPad = "UIInterfaceOrientationPortrait UIInterfaceOrientationPortraitUpsideDown UIInterfaceOrientationLandscapeLeft UIInterfaceOrientationLandscapeRight";
				INFOPLIST_KEY_UISupportedInterfaceOrientations_iPhone = "UIInterfaceOrientationPortrait UIInterfaceOrientationLandscapeLeft UIInterfaceOrientationLandscapeRight";
				LD_RUNPATH_SEARCH_PATHS = (
					"$(inherited)",
					"@executable_path/Frameworks",
				);
				MARKETING_VERSION = 1.0;
				PRODUCT_BUNDLE_IDENTIFIER = "com.umutserifler.ToDo-SwiftUI";
				PRODUCT_NAME = "$(TARGET_NAME)";
				SWIFT_EMIT_LOC_STRINGS = YES;
				SWIFT_VERSION = 5.0;
				TARGETED_DEVICE_FAMILY = "1,2";
			};
			name = Release;
		};
		9D453C60275D39BB006954B7 /* Debug */ = {
			isa = XCBuildConfiguration;
			buildSettings = {
				ALWAYS_EMBED_SWIFT_STANDARD_LIBRARIES = YES;
				BUNDLE_LOADER = "$(TEST_HOST)";
				CODE_SIGN_STYLE = Automatic;
				CURRENT_PROJECT_VERSION = 1;
				DEVELOPMENT_TEAM = XKV928L8PN;
				GENERATE_INFOPLIST_FILE = YES;
				IPHONEOS_DEPLOYMENT_TARGET = 15.0;
				LD_RUNPATH_SEARCH_PATHS = (
					"$(inherited)",
					"@executable_path/Frameworks",
					"@loader_path/Frameworks",
				);
				MARKETING_VERSION = 1.0;
				PRODUCT_BUNDLE_IDENTIFIER = "com.umutserifler.ToDo-SwiftUITests";
				PRODUCT_NAME = "$(TARGET_NAME)";
				SWIFT_EMIT_LOC_STRINGS = NO;
				SWIFT_VERSION = 5.0;
				TARGETED_DEVICE_FAMILY = "1,2";
				TEST_HOST = "$(BUILT_PRODUCTS_DIR)/ToDo_SwiftUI.app/ToDo_SwiftUI";
			};
			name = Debug;
		};
		9D453C61275D39BB006954B7 /* Release */ = {
			isa = XCBuildConfiguration;
			buildSettings = {
				ALWAYS_EMBED_SWIFT_STANDARD_LIBRARIES = YES;
				BUNDLE_LOADER = "$(TEST_HOST)";
				CODE_SIGN_STYLE = Automatic;
				CURRENT_PROJECT_VERSION = 1;
				DEVELOPMENT_TEAM = XKV928L8PN;
				GENERATE_INFOPLIST_FILE = YES;
				IPHONEOS_DEPLOYMENT_TARGET = 15.0;
				LD_RUNPATH_SEARCH_PATHS = (
					"$(inherited)",
					"@executable_path/Frameworks",
					"@loader_path/Frameworks",
				);
				MARKETING_VERSION = 1.0;
				PRODUCT_BUNDLE_IDENTIFIER = "com.umutserifler.ToDo-SwiftUITests";
				PRODUCT_NAME = "$(TARGET_NAME)";
				SWIFT_EMIT_LOC_STRINGS = NO;
				SWIFT_VERSION = 5.0;
				TARGETED_DEVICE_FAMILY = "1,2";
				TEST_HOST = "$(BUILT_PRODUCTS_DIR)/ToDo_SwiftUI.app/ToDo_SwiftUI";
			};
			name = Release;
		};
		9D453C63275D39BB006954B7 /* Debug */ = {
			isa = XCBuildConfiguration;
			buildSettings = {
				ALWAYS_EMBED_SWIFT_STANDARD_LIBRARIES = YES;
				CODE_SIGN_STYLE = Automatic;
				CURRENT_PROJECT_VERSION = 1;
				DEVELOPMENT_TEAM = XKV928L8PN;
				GENERATE_INFOPLIST_FILE = YES;
				LD_RUNPATH_SEARCH_PATHS = (
					"$(inherited)",
					"@executable_path/Frameworks",
					"@loader_path/Frameworks",
				);
				MARKETING_VERSION = 1.0;
				PRODUCT_BUNDLE_IDENTIFIER = "com.umutserifler.ToDo-SwiftUIUITests";
				PRODUCT_NAME = "$(TARGET_NAME)";
				SWIFT_EMIT_LOC_STRINGS = NO;
				SWIFT_VERSION = 5.0;
				TARGETED_DEVICE_FAMILY = "1,2";
				TEST_TARGET_NAME = ToDo_SwiftUI;
			};
			name = Debug;
		};
		9D453C64275D39BB006954B7 /* Release */ = {
			isa = XCBuildConfiguration;
			buildSettings = {
				ALWAYS_EMBED_SWIFT_STANDARD_LIBRARIES = YES;
				CODE_SIGN_STYLE = Automatic;
				CURRENT_PROJECT_VERSION = 1;
				DEVELOPMENT_TEAM = XKV928L8PN;
				GENERATE_INFOPLIST_FILE = YES;
				LD_RUNPATH_SEARCH_PATHS = (
					"$(inherited)",
					"@executable_path/Frameworks",
					"@loader_path/Frameworks",
				);
				MARKETING_VERSION = 1.0;
				PRODUCT_BUNDLE_IDENTIFIER = "com.umutserifler.ToDo-SwiftUIUITests";
				PRODUCT_NAME = "$(TARGET_NAME)";
				SWIFT_EMIT_LOC_STRINGS = NO;
				SWIFT_VERSION = 5.0;
				TARGETED_DEVICE_FAMILY = "1,2";
				TEST_TARGET_NAME = ToDo_SwiftUI;
			};
			name = Release;
		};
/* End XCBuildConfiguration section */

/* Begin XCConfigurationList section */
		9D453C2A275D39B8006954B7 /* Build configuration list for PBXProject "ToDo_SwiftUI" */ = {
			isa = XCConfigurationList;
			buildConfigurations = (
				9D453C5A275D39BB006954B7 /* Debug */,
				9D453C5B275D39BB006954B7 /* Release */,
			);
			defaultConfigurationIsVisible = 0;
			defaultConfigurationName = Release;
		};
		9D453C5C275D39BB006954B7 /* Build configuration list for PBXNativeTarget "ToDo_SwiftUI" */ = {
			isa = XCConfigurationList;
			buildConfigurations = (
				9D453C5D275D39BB006954B7 /* Debug */,
				9D453C5E275D39BB006954B7 /* Release */,
			);
			defaultConfigurationIsVisible = 0;
			defaultConfigurationName = Release;
		};
		9D453C5F275D39BB006954B7 /* Build configuration list for PBXNativeTarget "ToDo_SwiftUITests" */ = {
			isa = XCConfigurationList;
			buildConfigurations = (
				9D453C60275D39BB006954B7 /* Debug */,
				9D453C61275D39BB006954B7 /* Release */,
			);
			defaultConfigurationIsVisible = 0;
			defaultConfigurationName = Release;
		};
		9D453C62275D39BB006954B7 /* Build configuration list for PBXNativeTarget "ToDo_SwiftUIUITests" */ = {
			isa = XCConfigurationList;
			buildConfigurations = (
				9D453C63275D39BB006954B7 /* Debug */,
				9D453C64275D39BB006954B7 /* Release */,
			);
			defaultConfigurationIsVisible = 0;
			defaultConfigurationName = Release;
		};
/* End XCConfigurationList section */

/* Begin XCVersionGroup section */
		9D453C3B275D39B9006954B7 /* Todo.xcdatamodeld */ = {
			isa = XCVersionGroup;
			children = (
				9D453C3C275D39B9006954B7 /* ToDo_SwiftUI.xcdatamodel */,
			);
			currentVersion = 9D453C3C275D39B9006954B7 /* ToDo_SwiftUI.xcdatamodel */;
			path = Todo.xcdatamodeld;
			sourceTree = "<group>";
			versionGroupType = wrapper.xcdatamodel;
		};
/* End XCVersionGroup section */
	};
	rootObject = 9D453C27275D39B8006954B7 /* Project object */;
}
